
Microsoft Visual Studio Solution File, Format Version 12.00
# Visual Studio 15
VisualStudioVersion = 15.0.27703.2018
MinimumVisualStudioVersion = 10.0.40219.1
Project("{FAE04EC0-301F-11D3-BF4B-00C04F79EFBC}") = "Auctions", "Auction\Auctions.csproj", "{CABD7144-3624-481C-8B0B-BE368D3C9BD4}"
EndProject
Project("{FAE04EC0-301F-11D3-BF4B-00C04F79EFBC}") = "AuctionsModel", "AuctionsModel\AuctionsModel.csproj", "{A569218B-65EA-48D2-A26B-1AF532603FF8}"
EndProject
Global
	GlobalSection(SolutionConfigurationPlatforms) = preSolution
		Debug|Any CPU = Debug|Any CPU
		Release|Any CPU = Release|Any CPU
	EndGlobalSection
	GlobalSection(ProjectConfigurationPlatforms) = postSolution
		{CABD7144-3624-481C-8B0B-BE368D3C9BD4}.Debug|Any CPU.ActiveCfg = Debug|Any CPU
		{CABD7144-3624-481C-8B0B-BE368D3C9BD4}.Debug|Any CPU.Build.0 = Debug|Any CPU
		{CABD7144-3624-481C-8B0B-BE368D3C9BD4}.Release|Any CPU.ActiveCfg = Release|Any CPU
		{CABD7144-3624-481C-8B0B-BE368D3C9BD4}.Release|Any CPU.Build.0 = Release|Any CPU
		{A569218B-65EA-48D2-A26B-1AF532603FF8}.Debug|Any CPU.ActiveCfg = Debug|Any CPU
		{A569218B-65EA-48D2-A26B-1AF532603FF8}.Debug|Any CPU.Build.0 = Debug|Any CPU
		{A569218B-65EA-48D2-A26B-1AF532603FF8}.Release|Any CPU.ActiveCfg = Release|Any CPU
		{A569218B-65EA-48D2-A26B-1AF532603FF8}.Release|Any CPU.Build.0 = Release|Any CPU
	EndGlobalSection
	GlobalSection(SolutionProperties) = preSolution
		HideSolutionNode = FALSE
	EndGlobalSection
	GlobalSection(ExtensibilityGlobals) = postSolution
		SolutionGuid = {99DB698A-A2A1-47F7-B0A5-976E5B9F1342}
	EndGlobalSection
EndGlobal
